
Microsoft Visual Studio Solution File, Format Version 12.00
# Visual Studio Version 16
VisualStudioVersion = 16.0.31424.327
MinimumVisualStudioVersion = 10.0.40219.1
Project("{9A19103F-16F7-4668-BE54-9A1E7A4F7556}") = "Utilities", "Utilities\Utilities.csproj", "{2DB2D393-438F-499F-A964-2EC56D53D3DB}"
EndProject
Project("{9A19103F-16F7-4668-BE54-9A1E7A4F7556}") = "BrokerFacadeIB", "BrokerFacadeIB\BrokerFacadeIB.csproj", "{90E5BF28-AA81-42FA-8AB1-266CABADA400}"
EndProject
Project("{9A19103F-16F7-4668-BE54-9A1E7A4F7556}") = "CoreTypes", "CoreTypes\CoreTypes.csproj", "{6E796065-C8A5-47E3-9A29-86614A885948}"
EndProject
Project("{9A19103F-16F7-4668-BE54-9A1E7A4F7556}") = "Driver", "Driver\Driver.csproj", "{680708D2-2AFB-4402-A3D2-25CFE19FA94A}"
EndProject
Project("{9A19103F-16F7-4668-BE54-9A1E7A4F7556}") = "FTS", "FTS\FTS.csproj", "{5A831696-1B4F-4E26-BB0A-24F51EF75CE1}"
EndProject
Project("{FAE04EC0-301F-11D3-BF4B-00C04F79EFBC}") = "LocalCommunicationLib", "LocalCommunicationLib\LocalCommunicationLib.csproj", "{55FA2945-AD59-40EA-916C-1B37334E6566}"
EndProject
Project("{9A19103F-16F7-4668-BE54-9A1E7A4F7556}") = "MsgBroker", "MsgBroker\MsgBroker.csproj", "{E63F19B3-45C6-46BE-859E-AD841DB651AA}"
EndProject
Project("{9A19103F-16F7-4668-BE54-9A1E7A4F7556}") = "TestDataProvider", "TestDataProvider\TestDataProvider.csproj", "{7A80683C-DEEE-4849-940C-1B6240E2FB97}"
EndProject
Global
	GlobalSection(SolutionConfigurationPlatforms) = preSolution
		Debug|Any CPU = Debug|Any CPU
		Release|Any CPU = Release|Any CPU
	EndGlobalSection
	GlobalSection(ProjectConfigurationPlatforms) = postSolution
		{2DB2D393-438F-499F-A964-2EC56D53D3DB}.Debug|Any CPU.ActiveCfg = Debug|Any CPU
		{2DB2D393-438F-499F-A964-2EC56D53D3DB}.Debug|Any CPU.Build.0 = Debug|Any CPU
		{2DB2D393-438F-499F-A964-2EC56D53D3DB}.Release|Any CPU.ActiveCfg = Release|Any CPU
		{2DB2D393-438F-499F-A964-2EC56D53D3DB}.Release|Any CPU.Build.0 = Release|Any CPU
		{90E5BF28-AA81-42FA-8AB1-266CABADA400}.Debug|Any CPU.ActiveCfg = Debug|Any CPU
		{90E5BF28-AA81-42FA-8AB1-266CABADA400}.Debug|Any CPU.Build.0 = Debug|Any CPU
		{90E5BF28-AA81-42FA-8AB1-266CABADA400}.Release|Any CPU.ActiveCfg = Release|Any CPU
		{90E5BF28-AA81-42FA-8AB1-266CABADA400}.Release|Any CPU.Build.0 = Release|Any CPU
		{6E796065-C8A5-47E3-9A29-86614A885948}.Debug|Any CPU.ActiveCfg = Debug|Any CPU
		{6E796065-C8A5-47E3-9A29-86614A885948}.Debug|Any CPU.Build.0 = Debug|Any CPU
		{6E796065-C8A5-47E3-9A29-86614A885948}.Release|Any CPU.ActiveCfg = Release|Any CPU
		{6E796065-C8A5-47E3-9A29-86614A885948}.Release|Any CPU.Build.0 = Release|Any CPU
		{680708D2-2AFB-4402-A3D2-25CFE19FA94A}.Debug|Any CPU.ActiveCfg = Debug|Any CPU
		{680708D2-2AFB-4402-A3D2-25CFE19FA94A}.Debug|Any CPU.Build.0 = Debug|Any CPU
		{680708D2-2AFB-4402-A3D2-25CFE19FA94A}.Release|Any CPU.ActiveCfg = Release|Any CPU
		{680708D2-2AFB-4402-A3D2-25CFE19FA94A}.Release|Any CPU.Build.0 = Release|Any CPU
		{5A831696-1B4F-4E26-BB0A-24F51EF75CE1}.Debug|Any CPU.ActiveCfg = Debug|Any CPU
		{5A831696-1B4F-4E26-BB0A-24F51EF75CE1}.Debug|Any CPU.Build.0 = Debug|Any CPU
		{5A831696-1B4F-4E26-BB0A-24F51EF75CE1}.Release|Any CPU.ActiveCfg = Release|Any CPU
		{5A831696-1B4F-4E26-BB0A-24F51EF75CE1}.Release|Any CPU.Build.0 = Release|Any CPU
		{55FA2945-AD59-40EA-916C-1B37334E6566}.Debug|Any CPU.ActiveCfg = Debug|Any CPU
		{55FA2945-AD59-40EA-916C-1B37334E6566}.Debug|Any CPU.Build.0 = Debug|Any CPU
		{55FA2945-AD59-40EA-916C-1B37334E6566}.Release|Any CPU.ActiveCfg = Release|Any CPU
		{55FA2945-AD59-40EA-916C-1B37334E6566}.Release|Any CPU.Build.0 = Release|Any CPU
		{E63F19B3-45C6-46BE-859E-AD841DB651AA}.Debug|Any CPU.ActiveCfg = Debug|Any CPU
		{E63F19B3-45C6-46BE-859E-AD841DB651AA}.Debug|Any CPU.Build.0 = Debug|Any CPU
		{E63F19B3-45C6-46BE-859E-AD841DB651AA}.Release|Any CPU.ActiveCfg = Release|Any CPU
		{E63F19B3-45C6-46BE-859E-AD841DB651AA}.Release|Any CPU.Build.0 = Release|Any CPU
		{7A80683C-DEEE-4849-940C-1B6240E2FB97}.Debug|Any CPU.ActiveCfg = Debug|Any CPU
		{7A80683C-DEEE-4849-940C-1B6240E2FB97}.Debug|Any CPU.Build.0 = Debug|Any CPU
		{7A80683C-DEEE-4849-940C-1B6240E2FB97}.Release|Any CPU.ActiveCfg = Release|Any CPU
		{7A80683C-DEEE-4849-940C-1B6240E2FB97}.Release|Any CPU.Build.0 = Release|Any CPU
	EndGlobalSection
	GlobalSection(SolutionProperties) = preSolution
		HideSolutionNode = FALSE
	EndGlobalSection
	GlobalSection(ExtensibilityGlobals) = postSolution
		SolutionGuid = {C607C97A-BD26-4A50-AAA8-B95089062270}
	EndGlobalSection
EndGlobal
